
Microsoft Visual Studio Solution File, Format Version 12.00
# Visual Studio Version 16
VisualStudioVersion = 16.0.30503.244
MinimumVisualStudioVersion = 10.0.40219.1
Project("{FAE04EC0-301F-11D3-BF4B-00C04F79EFBC}") = "Laba2Mail", "Laba2Mail\Laba2Mail.csproj", "{86F7AB98-986D-469B-8852-64FB4EAD0045}"
EndProject
Global
	GlobalSection(SolutionConfigurationPlatforms) = preSolution
		Debug|Any CPU = Debug|Any CPU
		Release|Any CPU = Release|Any CPU
	EndGlobalSection
	GlobalSection(ProjectConfigurationPlatforms) = postSolution
		{86F7AB98-986D-469B-8852-64FB4EAD0045}.Debug|Any CPU.ActiveCfg = Debug|Any CPU
		{86F7AB98-986D-469B-8852-64FB4EAD0045}.Debug|Any CPU.Build.0 = Debug|Any CPU
		{86F7AB98-986D-469B-8852-64FB4EAD0045}.Release|Any CPU.ActiveCfg = Release|Any CPU
		{86F7AB98-986D-469B-8852-64FB4EAD0045}.Release|Any CPU.Build.0 = Release|Any CPU
	EndGlobalSection
	GlobalSection(SolutionProperties) = preSolution
		HideSolutionNode = FALSE
	EndGlobalSection
	GlobalSection(ExtensibilityGlobals) = postSolution
		SolutionGuid = {B20DDAD3-63D5-4AD2-A53B-1DDB5E021F64}
	EndGlobalSection
EndGlobal
